// !$*UTF8*$!
{
	archiveVersion = 1;
	classes = {
	};
	objectVersion = 56;
	objects = {

/* Begin PBXBuildFile section */
		FF754C2F28F9782900C40E0A /* AppDelegate.swift in Sources */ = {isa = PBXBuildFile; fileRef = FF754C2E28F9782900C40E0A /* AppDelegate.swift */; };
		FF754C3128F9782900C40E0A /* SceneDelegate.swift in Sources */ = {isa = PBXBuildFile; fileRef = FF754C3028F9782900C40E0A /* SceneDelegate.swift */; };
		FF754C3828F9782E00C40E0A /* Assets.xcassets in Resources */ = {isa = PBXBuildFile; fileRef = FF754C3728F9782E00C40E0A /* Assets.xcassets */; };
		FF754C3B28F9782E00C40E0A /* LaunchScreen.storyboard in Resources */ = {isa = PBXBuildFile; fileRef = FF754C3928F9782E00C40E0A /* LaunchScreen.storyboard */; };
		FF754C4828F97BA100C40E0A /* MainVC.swift in Sources */ = {isa = PBXBuildFile; fileRef = FF754C4628F97BA100C40E0A /* MainVC.swift */; };
		FF754C4928F97BA100C40E0A /* MainVC.xib in Resources */ = {isa = PBXBuildFile; fileRef = FF754C4728F97BA100C40E0A /* MainVC.xib */; };
		FF754C4C28F984B800C40E0A /* CrossView.swift in Sources */ = {isa = PBXBuildFile; fileRef = FF754C4B28F984B800C40E0A /* CrossView.swift */; };
		FF754C4E28F9871200C40E0A /* NoughtView.swift in Sources */ = {isa = PBXBuildFile; fileRef = FF754C4D28F9871200C40E0A /* NoughtView.swift */; };
		FF754C5028F9903C00C40E0A /* CrossNoughtView.swift in Sources */ = {isa = PBXBuildFile; fileRef = FF754C4F28F9903C00C40E0A /* CrossNoughtView.swift */; };
		FF754C5528F9934C00C40E0A /* GameVC.swift in Sources */ = {isa = PBXBuildFile; fileRef = FF754C5328F9934C00C40E0A /* GameVC.swift */; };
		FF754C5628F9934C00C40E0A /* GameVC.xib in Resources */ = {isa = PBXBuildFile; fileRef = FF754C5428F9934C00C40E0A /* GameVC.xib */; };
		FF754C5828F9936B00C40E0A /* GameViewModel.swift in Sources */ = {isa = PBXBuildFile; fileRef = FF754C5728F9936B00C40E0A /* GameViewModel.swift */; };
		FF754C5B28F9AEFF00C40E0A /* Position.swift in Sources */ = {isa = PBXBuildFile; fileRef = FF754C5A28F9AEFF00C40E0A /* Position.swift */; };
		FF754C5D28F9B08100C40E0A /* Coordinates.swift in Sources */ = {isa = PBXBuildFile; fileRef = FF754C5C28F9B08100C40E0A /* Coordinates.swift */; };
		FF754C6028FA98DB00C40E0A /* AlgoManager.swift in Sources */ = {isa = PBXBuildFile; fileRef = FF754C5F28FA98DB00C40E0A /* AlgoManager.swift */; };
		FF754C6228FA99AD00C40E0A /* NegaMaxCell.swift in Sources */ = {isa = PBXBuildFile; fileRef = FF754C6128FA99AD00C40E0A /* NegaMaxCell.swift */; };
		FF754C6428FD75C100C40E0A /* AlgoWorkDuration.swift in Sources */ = {isa = PBXBuildFile; fileRef = FF754C6328FD75C000C40E0A /* AlgoWorkDuration.swift */; };
		FF754C6828FD77A400C40E0A /* FinishGameVC.swift in Sources */ = {isa = PBXBuildFile; fileRef = FF754C6628FD77A400C40E0A /* FinishGameVC.swift */; };
		FF754C6928FD77A400C40E0A /* FinishGameVC.xib in Resources */ = {isa = PBXBuildFile; fileRef = FF754C6728FD77A400C40E0A /* FinishGameVC.xib */; };
		FF754C6B28FD7D2000C40E0A /* FatherViewDelegate.swift in Sources */ = {isa = PBXBuildFile; fileRef = FF754C6A28FD7D2000C40E0A /* FatherViewDelegate.swift */; };
		FF754C6D28FD84BE00C40E0A /* PruningCell.swift in Sources */ = {isa = PBXBuildFile; fileRef = FF754C6C28FD84BE00C40E0A /* PruningCell.swift */; };
/* End PBXBuildFile section */

/* Begin PBXFileReference section */
		FF754C2B28F9782900C40E0A /* tic-tac-toe.app */ = {isa = PBXFileReference; explicitFileType = wrapper.application; includeInIndex = 0; path = "tic-tac-toe.app"; sourceTree = BUILT_PRODUCTS_DIR; };
		FF754C2E28F9782900C40E0A /* AppDelegate.swift */ = {isa = PBXFileReference; lastKnownFileType = sourcecode.swift; path = AppDelegate.swift; sourceTree = "<group>"; };
		FF754C3028F9782900C40E0A /* SceneDelegate.swift */ = {isa = PBXFileReference; lastKnownFileType = sourcecode.swift; path = SceneDelegate.swift; sourceTree = "<group>"; };
		FF754C3728F9782E00C40E0A /* Assets.xcassets */ = {isa = PBXFileReference; lastKnownFileType = folder.assetcatalog; path = Assets.xcassets; sourceTree = "<group>"; };
		FF754C3A28F9782E00C40E0A /* Base */ = {isa = PBXFileReference; lastKnownFileType = file.storyboard; name = Base; path = Base.lproj/LaunchScreen.storyboard; sourceTree = "<group>"; };
		FF754C3C28F9782E00C40E0A /* Info.plist */ = {isa = PBXFileReference; lastKnownFileType = text.plist.xml; path = Info.plist; sourceTree = "<group>"; };
		FF754C4628F97BA100C40E0A /* MainVC.swift */ = {isa = PBXFileReference; lastKnownFileType = sourcecode.swift; path = MainVC.swift; sourceTree = "<group>"; };
		FF754C4728F97BA100C40E0A /* MainVC.xib */ = {isa = PBXFileReference; lastKnownFileType = file.xib; path = MainVC.xib; sourceTree = "<group>"; };
		FF754C4B28F984B800C40E0A /* CrossView.swift */ = {isa = PBXFileReference; lastKnownFileType = sourcecode.swift; path = CrossView.swift; sourceTree = "<group>"; };
		FF754C4D28F9871200C40E0A /* NoughtView.swift */ = {isa = PBXFileReference; lastKnownFileType = sourcecode.swift; path = NoughtView.swift; sourceTree = "<group>"; };
		FF754C4F28F9903C00C40E0A /* CrossNoughtView.swift */ = {isa = PBXFileReference; lastKnownFileType = sourcecode.swift; path = CrossNoughtView.swift; sourceTree = "<group>"; };
		FF754C5328F9934C00C40E0A /* GameVC.swift */ = {isa = PBXFileReference; lastKnownFileType = sourcecode.swift; path = GameVC.swift; sourceTree = "<group>"; };
		FF754C5428F9934C00C40E0A /* GameVC.xib */ = {isa = PBXFileReference; lastKnownFileType = file.xib; path = GameVC.xib; sourceTree = "<group>"; };
		FF754C5728F9936B00C40E0A /* GameViewModel.swift */ = {isa = PBXFileReference; lastKnownFileType = sourcecode.swift; path = GameViewModel.swift; sourceTree = "<group>"; };
		FF754C5A28F9AEFF00C40E0A /* Position.swift */ = {isa = PBXFileReference; lastKnownFileType = sourcecode.swift; path = Position.swift; sourceTree = "<group>"; };
		FF754C5C28F9B08100C40E0A /* Coordinates.swift */ = {isa = PBXFileReference; lastKnownFileType = sourcecode.swift; path = Coordinates.swift; sourceTree = "<group>"; };
		FF754C5F28FA98DB00C40E0A /* AlgoManager.swift */ = {isa = PBXFileReference; lastKnownFileType = sourcecode.swift; path = AlgoManager.swift; sourceTree = "<group>"; };
		FF754C6128FA99AD00C40E0A /* NegaMaxCell.swift */ = {isa = PBXFileReference; lastKnownFileType = sourcecode.swift; path = NegaMaxCell.swift; sourceTree = "<group>"; };
		FF754C6328FD75C000C40E0A /* AlgoWorkDuration.swift */ = {isa = PBXFileReference; lastKnownFileType = sourcecode.swift; path = AlgoWorkDuration.swift; sourceTree = "<group>"; };
		FF754C6628FD77A400C40E0A /* FinishGameVC.swift */ = {isa = PBXFileReference; lastKnownFileType = sourcecode.swift; path = FinishGameVC.swift; sourceTree = "<group>"; };
		FF754C6728FD77A400C40E0A /* FinishGameVC.xib */ = {isa = PBXFileReference; lastKnownFileType = file.xib; path = FinishGameVC.xib; sourceTree = "<group>"; };
		FF754C6A28FD7D2000C40E0A /* FatherViewDelegate.swift */ = {isa = PBXFileReference; lastKnownFileType = sourcecode.swift; path = FatherViewDelegate.swift; sourceTree = "<group>"; };
		FF754C6C28FD84BE00C40E0A /* PruningCell.swift */ = {isa = PBXFileReference; lastKnownFileType = sourcecode.swift; path = PruningCell.swift; sourceTree = "<group>"; };
/* End PBXFileReference section */

/* Begin PBXFrameworksBuildPhase section */
		FF754C2828F9782900C40E0A /* Frameworks */ = {
			isa = PBXFrameworksBuildPhase;
			buildActionMask = 2147483647;
			files = (
			);
			runOnlyForDeploymentPostprocessing = 0;
		};
/* End PBXFrameworksBuildPhase section */

/* Begin PBXGroup section */
		FF754C2228F9782900C40E0A = {
			isa = PBXGroup;
			children = (
				FF754C2D28F9782900C40E0A /* tic-tac-toe */,
				FF754C2C28F9782900C40E0A /* Products */,
			);
			sourceTree = "<group>";
		};
		FF754C2C28F9782900C40E0A /* Products */ = {
			isa = PBXGroup;
			children = (
				FF754C2B28F9782900C40E0A /* tic-tac-toe.app */,
			);
			name = Products;
			sourceTree = "<group>";
		};
		FF754C2D28F9782900C40E0A /* tic-tac-toe */ = {
			isa = PBXGroup;
			children = (
				FF754C5E28FA98C300C40E0A /* Algo */,
				FF754C5928F9AED500C40E0A /* Model */,
				FF754C4A28F980CB00C40E0A /* View */,
				FF754C4428F97B7700C40E0A /* Controller */,
				FF754C4328F9789000C40E0A /* Resources */,
				FF754C4228F9787C00C40E0A /* App */,
			);
			path = "tic-tac-toe";
			sourceTree = "<group>";
		};
		FF754C4228F9787C00C40E0A /* App */ = {
			isa = PBXGroup;
			children = (
				FF754C2E28F9782900C40E0A /* AppDelegate.swift */,
				FF754C3028F9782900C40E0A /* SceneDelegate.swift */,
				FF754C3928F9782E00C40E0A /* LaunchScreen.storyboard */,
				FF754C3C28F9782E00C40E0A /* Info.plist */,
			);
			path = App;
			sourceTree = "<group>";
		};
		FF754C4328F9789000C40E0A /* Resources */ = {
			isa = PBXGroup;
			children = (
				FF754C3728F9782E00C40E0A /* Assets.xcassets */,
			);
			path = Resources;
			sourceTree = "<group>";
		};
		FF754C4428F97B7700C40E0A /* Controller */ = {
			isa = PBXGroup;
			children = (
				FF754C6528FD776E00C40E0A /* FinishGameVC */,
				FF754C5228F9932000C40E0A /* GameVC */,
				FF754C4528F97B8200C40E0A /* MainVC */,
			);
			path = Controller;
			sourceTree = "<group>";
		};
		FF754C4528F97B8200C40E0A /* MainVC */ = {
			isa = PBXGroup;
			children = (
				FF754C4628F97BA100C40E0A /* MainVC.swift */,
				FF754C4728F97BA100C40E0A /* MainVC.xib */,
			);
			path = MainVC;
			sourceTree = "<group>";
		};
		FF754C4A28F980CB00C40E0A /* View */ = {
			isa = PBXGroup;
			children = (
				FF754C4B28F984B800C40E0A /* CrossView.swift */,
				FF754C4D28F9871200C40E0A /* NoughtView.swift */,
				FF754C4F28F9903C00C40E0A /* CrossNoughtView.swift */,
			);
			path = View;
			sourceTree = "<group>";
		};
		FF754C5228F9932000C40E0A /* GameVC */ = {
			isa = PBXGroup;
			children = (
				FF754C5328F9934C00C40E0A /* GameVC.swift */,
				FF754C5428F9934C00C40E0A /* GameVC.xib */,
				FF754C5728F9936B00C40E0A /* GameViewModel.swift */,
				FF754C6A28FD7D2000C40E0A /* FatherViewDelegate.swift */,
			);
			path = GameVC;
			sourceTree = "<group>";
		};
		FF754C5928F9AED500C40E0A /* Model */ = {
			isa = PBXGroup;
			children = (
				FF754C5A28F9AEFF00C40E0A /* Position.swift */,
				FF754C5C28F9B08100C40E0A /* Coordinates.swift */,
				FF754C6328FD75C000C40E0A /* AlgoWorkDuration.swift */,
			);
			path = Model;
			sourceTree = "<group>";
		};
		FF754C5E28FA98C300C40E0A /* Algo */ = {
			isa = PBXGroup;
			children = (
				FF754C5F28FA98DB00C40E0A /* AlgoManager.swift */,
				FF754C6128FA99AD00C40E0A /* NegaMaxCell.swift */,
				FF754C6C28FD84BE00C40E0A /* PruningCell.swift */,
			);
			path = Algo;
			sourceTree = "<group>";
		};
		FF754C6528FD776E00C40E0A /* FinishGameVC */ = {
			isa = PBXGroup;
			children = (
				FF754C6628FD77A400C40E0A /* FinishGameVC.swift */,
				FF754C6728FD77A400C40E0A /* FinishGameVC.xib */,
			);
			path = FinishGameVC;
			sourceTree = "<group>";
		};
/* End PBXGroup section */

/* Begin PBXNativeTarget section */
		FF754C2A28F9782900C40E0A /* tic-tac-toe */ = {
			isa = PBXNativeTarget;
			buildConfigurationList = FF754C3F28F9782E00C40E0A /* Build configuration list for PBXNativeTarget "tic-tac-toe" */;
			buildPhases = (
				FF754C2728F9782900C40E0A /* Sources */,
				FF754C2828F9782900C40E0A /* Frameworks */,
				FF754C2928F9782900C40E0A /* Resources */,
			);
			buildRules = (
			);
			dependencies = (
			);
			name = "tic-tac-toe";
			productName = "tic-tac-toe";
			productReference = FF754C2B28F9782900C40E0A /* tic-tac-toe.app */;
			productType = "com.apple.product-type.application";
		};
/* End PBXNativeTarget section */

/* Begin PBXProject section */
		FF754C2328F9782900C40E0A /* Project object */ = {
			isa = PBXProject;
			attributes = {
				BuildIndependentTargetsInParallel = 1;
				LastSwiftUpdateCheck = 1400;
				LastUpgradeCheck = 1400;
				TargetAttributes = {
					FF754C2A28F9782900C40E0A = {
						CreatedOnToolsVersion = 14.0.1;
					};
				};
			};
			buildConfigurationList = FF754C2628F9782900C40E0A /* Build configuration list for PBXProject "tic-tac-toe" */;
			compatibilityVersion = "Xcode 14.0";
			developmentRegion = en;
			hasScannedForEncodings = 0;
			knownRegions = (
				en,
				Base,
			);
			mainGroup = FF754C2228F9782900C40E0A;
			productRefGroup = FF754C2C28F9782900C40E0A /* Products */;
			projectDirPath = "";
			projectRoot = "";
			targets = (
				FF754C2A28F9782900C40E0A /* tic-tac-toe */,
			);
		};
/* End PBXProject section */

/* Begin PBXResourcesBuildPhase section */
		FF754C2928F9782900C40E0A /* Resources */ = {
			isa = PBXResourcesBuildPhase;
			buildActionMask = 2147483647;
			files = (
				FF754C4928F97BA100C40E0A /* MainVC.xib in Resources */,
				FF754C3B28F9782E00C40E0A /* LaunchScreen.storyboard in Resources */,
				FF754C5628F9934C00C40E0A /* GameVC.xib in Resources */,
				FF754C3828F9782E00C40E0A /* Assets.xcassets in Resources */,
				FF754C6928FD77A400C40E0A /* FinishGameVC.xib in Resources */,
			);
			runOnlyForDeploymentPostprocessing = 0;
		};
/* End PBXResourcesBuildPhase section */

/* Begin PBXSourcesBuildPhase section */
		FF754C2728F9782900C40E0A /* Sources */ = {
			isa = PBXSourcesBuildPhase;
			buildActionMask = 2147483647;
			files = (
				FF754C6028FA98DB00C40E0A /* AlgoManager.swift in Sources */,
				FF754C2F28F9782900C40E0A /* AppDelegate.swift in Sources */,
				FF754C4828F97BA100C40E0A /* MainVC.swift in Sources */,
				FF754C3128F9782900C40E0A /* SceneDelegate.swift in Sources */,
				FF754C6428FD75C100C40E0A /* AlgoWorkDuration.swift in Sources */,
				FF754C4E28F9871200C40E0A /* NoughtView.swift in Sources */,
				FF754C5828F9936B00C40E0A /* GameViewModel.swift in Sources */,
				FF754C6828FD77A400C40E0A /* FinishGameVC.swift in Sources */,
				FF754C5528F9934C00C40E0A /* GameVC.swift in Sources */,
				FF754C5028F9903C00C40E0A /* CrossNoughtView.swift in Sources */,
				FF754C4C28F984B800C40E0A /* CrossView.swift in Sources */,
				FF754C6B28FD7D2000C40E0A /* FatherViewDelegate.swift in Sources */,
				FF754C6228FA99AD00C40E0A /* NegaMaxCell.swift in Sources */,
				FF754C5B28F9AEFF00C40E0A /* Position.swift in Sources */,
				FF754C5D28F9B08100C40E0A /* Coordinates.swift in Sources */,
				FF754C6D28FD84BE00C40E0A /* PruningCell.swift in Sources */,
			);
			runOnlyForDeploymentPostprocessing = 0;
		};
/* End PBXSourcesBuildPhase section */

/* Begin PBXVariantGroup section */
		FF754C3928F9782E00C40E0A /* LaunchScreen.storyboard */ = {
			isa = PBXVariantGroup;
			children = (
				FF754C3A28F9782E00C40E0A /* Base */,
			);
			name = LaunchScreen.storyboard;
			sourceTree = "<group>";
		};
/* End PBXVariantGroup section */

/* Begin XCBuildConfiguration section */
		FF754C3D28F9782E00C40E0A /* Debug */ = {
			isa = XCBuildConfiguration;
			buildSettings = {
				ALWAYS_SEARCH_USER_PATHS = NO;
				CLANG_ANALYZER_NONNULL = YES;
				CLANG_ANALYZER_NUMBER_OBJECT_CONVERSION = YES_AGGRESSIVE;
				CLANG_CXX_LANGUAGE_STANDARD = "gnu++20";
				CLANG_ENABLE_MODULES = YES;
				CLANG_ENABLE_OBJC_ARC = YES;
				CLANG_ENABLE_OBJC_WEAK = YES;
				CLANG_WARN_BLOCK_CAPTURE_AUTORELEASING = YES;
				CLANG_WARN_BOOL_CONVERSION = YES;
				CLANG_WARN_COMMA = YES;
				CLANG_WARN_CONSTANT_CONVERSION = YES;
				CLANG_WARN_DEPRECATED_OBJC_IMPLEMENTATIONS = YES;
				CLANG_WARN_DIRECT_OBJC_ISA_USAGE = YES_ERROR;
				CLANG_WARN_DOCUMENTATION_COMMENTS = YES;
				CLANG_WARN_EMPTY_BODY = YES;
				CLANG_WARN_ENUM_CONVERSION = YES;
				CLANG_WARN_INFINITE_RECURSION = YES;
				CLANG_WARN_INT_CONVERSION = YES;
				CLANG_WARN_NON_LITERAL_NULL_CONVERSION = YES;
				CLANG_WARN_OBJC_IMPLICIT_RETAIN_SELF = YES;
				CLANG_WARN_OBJC_LITERAL_CONVERSION = YES;
				CLANG_WARN_OBJC_ROOT_CLASS = YES_ERROR;
				CLANG_WARN_QUOTED_INCLUDE_IN_FRAMEWORK_HEADER = YES;
				CLANG_WARN_RANGE_LOOP_ANALYSIS = YES;
				CLANG_WARN_STRICT_PROTOTYPES = YES;
				CLANG_WARN_SUSPICIOUS_MOVE = YES;
				CLANG_WARN_UNGUARDED_AVAILABILITY = YES_AGGRESSIVE;
				CLANG_WARN_UNREACHABLE_CODE = YES;
				CLANG_WARN__DUPLICATE_METHOD_MATCH = YES;
				COPY_PHASE_STRIP = NO;
				DEBUG_INFORMATION_FORMAT = dwarf;
				ENABLE_STRICT_OBJC_MSGSEND = YES;
				ENABLE_TESTABILITY = YES;
				GCC_C_LANGUAGE_STANDARD = gnu11;
				GCC_DYNAMIC_NO_PIC = NO;
				GCC_NO_COMMON_BLOCKS = YES;
				GCC_OPTIMIZATION_LEVEL = 0;
				GCC_PREPROCESSOR_DEFINITIONS = (
					"DEBUG=1",
					"$(inherited)",
				);
				GCC_WARN_64_TO_32_BIT_CONVERSION = YES;
				GCC_WARN_ABOUT_RETURN_TYPE = YES_ERROR;
				GCC_WARN_UNDECLARED_SELECTOR = YES;
				GCC_WARN_UNINITIALIZED_AUTOS = YES_AGGRESSIVE;
				GCC_WARN_UNUSED_FUNCTION = YES;
				GCC_WARN_UNUSED_VARIABLE = YES;
				IPHONEOS_DEPLOYMENT_TARGET = 16.0;
				MTL_ENABLE_DEBUG_INFO = INCLUDE_SOURCE;
				MTL_FAST_MATH = YES;
				ONLY_ACTIVE_ARCH = YES;
				SDKROOT = iphoneos;
				SWIFT_ACTIVE_COMPILATION_CONDITIONS = DEBUG;
				SWIFT_OPTIMIZATION_LEVEL = "-Onone";
			};
			name = Debug;
		};
		FF754C3E28F9782E00C40E0A /* Release */ = {
			isa = XCBuildConfiguration;
			buildSettings = {
				ALWAYS_SEARCH_USER_PATHS = NO;
				CLANG_ANALYZER_NONNULL = YES;
				CLANG_ANALYZER_NUMBER_OBJECT_CONVERSION = YES_AGGRESSIVE;
				CLANG_CXX_LANGUAGE_STANDARD = "gnu++20";
				CLANG_ENABLE_MODULES = YES;
				CLANG_ENABLE_OBJC_ARC = YES;
				CLANG_ENABLE_OBJC_WEAK = YES;
				CLANG_WARN_BLOCK_CAPTURE_AUTORELEASING = YES;
				CLANG_WARN_BOOL_CONVERSION = YES;
				CLANG_WARN_COMMA = YES;
				CLANG_WARN_CONSTANT_CONVERSION = YES;
				CLANG_WARN_DEPRECATED_OBJC_IMPLEMENTATIONS = YES;
				CLANG_WARN_DIRECT_OBJC_ISA_USAGE = YES_ERROR;
				CLANG_WARN_DOCUMENTATION_COMMENTS = YES;
				CLANG_WARN_EMPTY_BODY = YES;
				CLANG_WARN_ENUM_CONVERSION = YES;
				CLANG_WARN_INFINITE_RECURSION = YES;
				CLANG_WARN_INT_CONVERSION = YES;
				CLANG_WARN_NON_LITERAL_NULL_CONVERSION = YES;
				CLANG_WARN_OBJC_IMPLICIT_RETAIN_SELF = YES;
				CLANG_WARN_OBJC_LITERAL_CONVERSION = YES;
				CLANG_WARN_OBJC_ROOT_CLASS = YES_ERROR;
				CLANG_WARN_QUOTED_INCLUDE_IN_FRAMEWORK_HEADER = YES;
				CLANG_WARN_RANGE_LOOP_ANALYSIS = YES;
				CLANG_WARN_STRICT_PROTOTYPES = YES;
				CLANG_WARN_SUSPICIOUS_MOVE = YES;
				CLANG_WARN_UNGUARDED_AVAILABILITY = YES_AGGRESSIVE;
				CLANG_WARN_UNREACHABLE_CODE = YES;
				CLANG_WARN__DUPLICATE_METHOD_MATCH = YES;
				COPY_PHASE_STRIP = NO;
				DEBUG_INFORMATION_FORMAT = "dwarf-with-dsym";
				ENABLE_NS_ASSERTIONS = NO;
				ENABLE_STRICT_OBJC_MSGSEND = YES;
				GCC_C_LANGUAGE_STANDARD = gnu11;
				GCC_NO_COMMON_BLOCKS = YES;
				GCC_WARN_64_TO_32_BIT_CONVERSION = YES;
				GCC_WARN_ABOUT_RETURN_TYPE = YES_ERROR;
				GCC_WARN_UNDECLARED_SELECTOR = YES;
				GCC_WARN_UNINITIALIZED_AUTOS = YES_AGGRESSIVE;
				GCC_WARN_UNUSED_FUNCTION = YES;
				GCC_WARN_UNUSED_VARIABLE = YES;
				IPHONEOS_DEPLOYMENT_TARGET = 16.0;
				MTL_ENABLE_DEBUG_INFO = NO;
				MTL_FAST_MATH = YES;
				SDKROOT = iphoneos;
				SWIFT_COMPILATION_MODE = wholemodule;
				SWIFT_OPTIMIZATION_LEVEL = "-O";
				VALIDATE_PRODUCT = YES;
			};
			name = Release;
		};
		FF754C4028F9782E00C40E0A /* Debug */ = {
			isa = XCBuildConfiguration;
			buildSettings = {
				ASSETCATALOG_COMPILER_APPICON_NAME = AppIcon;
				ASSETCATALOG_COMPILER_GLOBAL_ACCENT_COLOR_NAME = AccentColor;
				CODE_SIGN_STYLE = Automatic;
				CURRENT_PROJECT_VERSION = 1;
				DEVELOPMENT_TEAM = AF68Y4A9MG;
				GENERATE_INFOPLIST_FILE = YES;
				INFOPLIST_FILE = "tic-tac-toe/App/Info.plist";
				INFOPLIST_KEY_UIApplicationSupportsIndirectInputEvents = YES;
				INFOPLIST_KEY_UILaunchStoryboardName = LaunchScreen.storyboard;
				INFOPLIST_KEY_UIMainStoryboardFile = Main;
				INFOPLIST_KEY_UISupportedInterfaceOrientations_iPad = "UIInterfaceOrientationPortrait UIInterfaceOrientationPortraitUpsideDown UIInterfaceOrientationLandscapeLeft UIInterfaceOrientationLandscapeRight";
				INFOPLIST_KEY_UISupportedInterfaceOrientations_iPhone = "UIInterfaceOrientationPortrait UIInterfaceOrientationLandscapeLeft UIInterfaceOrientationLandscapeRight";
				LD_RUNPATH_SEARCH_PATHS = (
					"$(inherited)",
					"@executable_path/Frameworks",
				);
				MARKETING_VERSION = 1.0;
				PRODUCT_BUNDLE_IDENTIFIER = "-.tic-tac-toe";
				PRODUCT_NAME = "$(TARGET_NAME)";
				SWIFT_EMIT_LOC_STRINGS = YES;
				SWIFT_VERSION = 5.0;
				TARGETED_DEVICE_FAMILY = "1,2";
			};
			name = Debug;
		};
		FF754C4128F9782E00C40E0A /* Release */ = {
			isa = XCBuildConfiguration;
			buildSettings = {
				ASSETCATALOG_COMPILER_APPICON_NAME = AppIcon;
				ASSETCATALOG_COMPILER_GLOBAL_ACCENT_COLOR_NAME = AccentColor;
				CODE_SIGN_STYLE = Automatic;
				CURRENT_PROJECT_VERSION = 1;
				DEVELOPMENT_TEAM = AF68Y4A9MG;
				GENERATE_INFOPLIST_FILE = YES;
				INFOPLIST_FILE = "tic-tac-toe/App/Info.plist";
				INFOPLIST_KEY_UIApplicationSupportsIndirectInputEvents = YES;
				INFOPLIST_KEY_UILaunchStoryboardName = LaunchScreen.storyboard;
				INFOPLIST_KEY_UIMainStoryboardFile = Main;
				INFOPLIST_KEY_UISupportedInterfaceOrientations_iPad = "UIInterfaceOrientationPortrait UIInterfaceOrientationPortraitUpsideDown UIInterfaceOrientationLandscapeLeft UIInterfaceOrientationLandscapeRight";
				INFOPLIST_KEY_UISupportedInterfaceOrientations_iPhone = "UIInterfaceOrientationPortrait UIInterfaceOrientationLandscapeLeft UIInterfaceOrientationLandscapeRight";
				LD_RUNPATH_SEARCH_PATHS = (
					"$(inherited)",
					"@executable_path/Frameworks",
				);
				MARKETING_VERSION = 1.0;
				PRODUCT_BUNDLE_IDENTIFIER = "-.tic-tac-toe";
				PRODUCT_NAME = "$(TARGET_NAME)";
				SWIFT_EMIT_LOC_STRINGS = YES;
				SWIFT_VERSION = 5.0;
				TARGETED_DEVICE_FAMILY = "1,2";
			};
			name = Release;
		};
/* End XCBuildConfiguration section */

/* Begin XCConfigurationList section */
		FF754C2628F9782900C40E0A /* Build configuration list for PBXProject "tic-tac-toe" */ = {
			isa = XCConfigurationList;
			buildConfigurations = (
				FF754C3D28F9782E00C40E0A /* Debug */,
				FF754C3E28F9782E00C40E0A /* Release */,
			);
			defaultConfigurationIsVisible = 0;
			defaultConfigurationName = Release;
		};
		FF754C3F28F9782E00C40E0A /* Build configuration list for PBXNativeTarget "tic-tac-toe" */ = {
			isa = XCConfigurationList;
			buildConfigurations = (
				FF754C4028F9782E00C40E0A /* Debug */,
				FF754C4128F9782E00C40E0A /* Release */,
			);
			defaultConfigurationIsVisible = 0;
			defaultConfigurationName = Release;
		};
/* End XCConfigurationList section */
	};
	rootObject = FF754C2328F9782900C40E0A /* Project object */;
}
